
Microsoft Visual Studio Solution File, Format Version 12.00
# Visual Studio Version 16
VisualStudioVersion = 16.0.30611.23
MinimumVisualStudioVersion = 10.0.40219.1
Project("{8BC9CEB8-8B4A-11D0-8D11-00A0C91BC942}") = "C3-LZW", "C3-LZW\C3-LZW.vcxproj", "{DDA195B6-EF12-4112-8621-C18C1035BA53}"
EndProject
Global
	GlobalSection(SolutionConfigurationPlatforms) = preSolution
		Debug|x64 = Debug|x64
		Debug|x86 = Debug|x86
		Release|x64 = Release|x64
		Release|x86 = Release|x86
	EndGlobalSection
	GlobalSection(ProjectConfigurationPlatforms) = postSolution
		{DDA195B6-EF12-4112-8621-C18C1035BA53}.Debug|x64.ActiveCfg = Debug|x64
		{DDA195B6-EF12-4112-8621-C18C1035BA53}.Debug|x64.Build.0 = Debug|x64
		{DDA195B6-EF12-4112-8621-C18C1035BA53}.Debug|x86.ActiveCfg = Debug|Win32
		{DDA195B6-EF12-4112-8621-C18C1035BA53}.Debug|x86.Build.0 = Debug|Win32
		{DDA195B6-EF12-4112-8621-C18C1035BA53}.Release|x64.ActiveCfg = Release|x64
		{DDA195B6-EF12-4112-8621-C18C1035BA53}.Release|x64.Build.0 = Release|x64
		{DDA195B6-EF12-4112-8621-C18C1035BA53}.Release|x86.ActiveCfg = Release|Win32
		{DDA195B6-EF12-4112-8621-C18C1035BA53}.Release|x86.Build.0 = Release|Win32
	EndGlobalSection
	GlobalSection(SolutionProperties) = preSolution
		HideSolutionNode = FALSE
	EndGlobalSection
	GlobalSection(ExtensibilityGlobals) = postSolution
		SolutionGuid = {B5A22585-607D-4001-8F97-8B4B7F0E00BC}
	EndGlobalSection
EndGlobal
